<?xml version="1.0" encoding="utf-8"?>
<Project ToolsVersion="4.0" xmlns="http://schemas.microsoft.com/developer/msbuild/2003">
  <ItemGroup>
    <ClCompile Include="src\main.cpp">
      <Filter>Source Files</Filter>
    </ClCompile>
    <ClCompile Include="src\model.cpp">
      <Filter>Source Files</Filter>
    </ClCompile>
    <ClCompile Include="src\shaderManager.cpp">
      <Filter>Source Files</Filter>
    </ClCompile>
    <ClCompile Include="src\camera.cpp">
      <Filter>Source Files</Filter>
    </ClCompile>
    <ClCompile Include="src\dataStructures\matrix4.cpp">
      <Filter>Source Files</Filter>
    </ClCompile>
    <ClCompile Include="src\dataStructures\quaternion.cpp">
      <Filter>Source Files</Filter>
    </ClCompile>
    <ClCompile Include="src\Spline.cpp">
      <Filter>Splines</Filter>
    </ClCompile>
    <ClCompile Include="src\sse\quaternionX.cpp">
      <Filter>Source Files</Filter>
    </ClCompile>
    <ClCompile Include="src\logger.cpp">
      <Filter>Utils</Filter>
    </ClCompile>
    <ClCompile Include="src\ObjLoader.cpp">
      <Filter>Utils</Filter>
    </ClCompile>
  </ItemGroup>
  <ItemGroup>
    <ClInclude Include="src\model.h">
      <Filter>Header Files</Filter>
    </ClInclude>
    <ClInclude Include="src\shaderManager.h">
      <Filter>Header Files</Filter>
    </ClInclude>
    <ClInclude Include="src\camera.h">
      <Filter>Header Files</Filter>
    </ClInclude>
    <ClInclude Include="src\dataStructures\matrix4.h">
      <Filter>Header Files</Filter>
    </ClInclude>
    <ClInclude Include="src\dataStructures\modelStructures.h">
      <Filter>Header Files</Filter>
    </ClInclude>
    <ClInclude Include="src\dataStructures\quaternion.h">
      <Filter>Header Files</Filter>
    </ClInclude>
    <ClInclude Include="src\Spline.h">
      <Filter>Splines</Filter>
    </ClInclude>
    <ClInclude Include="src\MyVector.h">
      <Filter>Header Files</Filter>
    </ClInclude>
    <ClInclude Include="src\sse\quaternionX.h">
      <Filter>Header Files</Filter>
    </ClInclude>
    <ClInclude Include="src\logger.h">
      <Filter>Utils</Filter>
    </ClInclude>
    <ClInclude Include="src\ObjLoader.h">
      <Filter>Utils</Filter>
    </ClInclude>
  </ItemGroup>
  <ItemGroup>
    <Filter Include="Header Files">
      <UniqueIdentifier>{0cc8bab5-0cbb-4f31-bbab-38f4441c46ad}</UniqueIdentifier>
    </Filter>
    <Filter Include="Source Files">
      <UniqueIdentifier>{32e08b46-5d05-4f32-b659-5f8a76cdf69d}</UniqueIdentifier>
    </Filter>
    <Filter Include="Shaders">
      <UniqueIdentifier>{14757dab-086d-466b-adc6-3b78631673be}</UniqueIdentifier>
    </Filter>
    <Filter Include="Splines">
      <UniqueIdentifier>{dbcc6f6d-a625-4e11-bd34-8df7affeae09}</UniqueIdentifier>
    </Filter>
    <Filter Include="Utils">
      <UniqueIdentifier>{e21ed4fa-181c-4bcc-88e8-e5da0520fc12}</UniqueIdentifier>
    </Filter>
  </ItemGroup>
  <ItemGroup>
    <None Include="..\assets\shaders\vshader.glsl">
      <Filter>Shaders</Filter>
    </None>
    <None Include="..\assets\shaders\fshader.glsl">
      <Filter>Shaders</Filter>
    </None>
  </ItemGroup>
</Project>